
Microsoft Visual Studio Solution File, Format Version 12.00
# Visual Studio 14
VisualStudioVersion = 14.0.25420.1
MinimumVisualStudioVersion = 10.0.40219.1
Project("{2150E333-8FDC-42A3-9474-1A3956D46DE8}") = "src", "src", "{0FB8CE9C-4686-474C-979C-64654CA20FAC}"
EndProject
Project("{2150E333-8FDC-42A3-9474-1A3956D46DE8}") = "Solution Items", "Solution Items", "{135A4A54-E511-4714-A8AC-E239C5E24580}"
	ProjectSection(SolutionItems) = preProject
		global.json = global.json
	EndProjectSection
EndProject
Project("{8BB2217D-0F2D-49D1-97BC-3654ED321F3B}") = "Test Page Web", "src\Test Page Web\Test Page Web.xproj", "{A022D5DB-FE90-4907-A205-DB78ACC52C23}"
EndProject
Global
	GlobalSection(SolutionConfigurationPlatforms) = preSolution
		Debug|Any CPU = Debug|Any CPU
		Release|Any CPU = Release|Any CPU
	EndGlobalSection
	GlobalSection(ProjectConfigurationPlatforms) = postSolution
		{A022D5DB-FE90-4907-A205-DB78ACC52C23}.Debug|Any CPU.ActiveCfg = Debug|Any CPU
		{A022D5DB-FE90-4907-A205-DB78ACC52C23}.Debug|Any CPU.Build.0 = Debug|Any CPU
		{A022D5DB-FE90-4907-A205-DB78ACC52C23}.Release|Any CPU.ActiveCfg = Release|Any CPU
		{A022D5DB-FE90-4907-A205-DB78ACC52C23}.Release|Any CPU.Build.0 = Release|Any CPU
	EndGlobalSection
	GlobalSection(SolutionProperties) = preSolution
		HideSolutionNode = FALSE
	EndGlobalSection
	GlobalSection(NestedProjects) = preSolution
		{A022D5DB-FE90-4907-A205-DB78ACC52C23} = {0FB8CE9C-4686-474C-979C-64654CA20FAC}
	EndGlobalSection
EndGlobal
